// !$*UTF8*$!
{
	archiveVersion = 1;
	classes = {
	};
	objectVersion = 56;
	objects = {

/* Begin PBXBuildFile section */
		1EA941E72A3845030034E938 /* TypingAnimationSwiftUIApp.swift in Sources */ = {isa = PBXBuildFile; fileRef = 1EA941E62A3845030034E938 /* TypingAnimationSwiftUIApp.swift */; };
		1EA941E92A3845030034E938 /* LoopingTextExampleView.swift in Sources */ = {isa = PBXBuildFile; fileRef = 1EA941E82A3845030034E938 /* LoopingTextExampleView.swift */; };
		1EA941EB2A3845030034E938 /* Assets.xcassets in Resources */ = {isa = PBXBuildFile; fileRef = 1EA941EA2A3845030034E938 /* Assets.xcassets */; };
		1EA941EF2A3845030034E938 /* Preview Assets.xcassets in Resources */ = {isa = PBXBuildFile; fileRef = 1EA941EE2A3845030034E938 /* Preview Assets.xcassets */; };
		1EA941F62A3845340034E938 /* TypingTextView.swift in Sources */ = {isa = PBXBuildFile; fileRef = 1EA941F52A3845340034E938 /* TypingTextView.swift */; };
		1EA941FA2A3847B50034E938 /* AnyViewModifier.swift in Sources */ = {isa = PBXBuildFile; fileRef = 1EA941F92A3847B50034E938 /* AnyViewModifier.swift */; };
		1EA941FE2A3847F20034E938 /* EmptyModifier.swift in Sources */ = {isa = PBXBuildFile; fileRef = 1EA941FD2A3847F20034E938 /* EmptyModifier.swift */; };
		1EA942002A3848620034E938 /* MediumTypingTextStyle.swift in Sources */ = {isa = PBXBuildFile; fileRef = 1EA941FF2A3848620034E938 /* MediumTypingTextStyle.swift */; };
		1EA942022A3848870034E938 /* TypingTextStyle.swift in Sources */ = {isa = PBXBuildFile; fileRef = 1EA942012A3848870034E938 /* TypingTextStyle.swift */; };
		1EA942042A3848C20034E938 /* Constants.swift in Sources */ = {isa = PBXBuildFile; fileRef = 1EA942032A3848C20034E938 /* Constants.swift */; };
		1EA942062A3851E20034E938 /* StaticTextExampleView.swift in Sources */ = {isa = PBXBuildFile; fileRef = 1EA942052A3851E20034E938 /* StaticTextExampleView.swift */; };
		1EA942082A385BDF0034E938 /* TypingTextSettings.swift in Sources */ = {isa = PBXBuildFile; fileRef = 1EA942072A385BDF0034E938 /* TypingTextSettings.swift */; };
		1EA9420A2A3AE8360034E938 /* OnboardingExampleView.swift in Sources */ = {isa = PBXBuildFile; fileRef = 1EA942092A3AE8360034E938 /* OnboardingExampleView.swift */; };
/* End PBXBuildFile section */

/* Begin PBXFileReference section */
		1EA941E32A3845030034E938 /* TypingAnimationSwiftUI.app */ = {isa = PBXFileReference; explicitFileType = wrapper.application; includeInIndex = 0; path = TypingAnimationSwiftUI.app; sourceTree = BUILT_PRODUCTS_DIR; };
		1EA941E62A3845030034E938 /* TypingAnimationSwiftUIApp.swift */ = {isa = PBXFileReference; lastKnownFileType = sourcecode.swift; path = TypingAnimationSwiftUIApp.swift; sourceTree = "<group>"; };
		1EA941E82A3845030034E938 /* LoopingTextExampleView.swift */ = {isa = PBXFileReference; lastKnownFileType = sourcecode.swift; path = LoopingTextExampleView.swift; sourceTree = "<group>"; };
		1EA941EA2A3845030034E938 /* Assets.xcassets */ = {isa = PBXFileReference; lastKnownFileType = folder.assetcatalog; path = Assets.xcassets; sourceTree = "<group>"; };
		1EA941EC2A3845030034E938 /* TypingAnimationSwiftUI.entitlements */ = {isa = PBXFileReference; lastKnownFileType = text.plist.entitlements; path = TypingAnimationSwiftUI.entitlements; sourceTree = "<group>"; };
		1EA941EE2A3845030034E938 /* Preview Assets.xcassets */ = {isa = PBXFileReference; lastKnownFileType = folder.assetcatalog; path = "Preview Assets.xcassets"; sourceTree = "<group>"; };
		1EA941F52A3845340034E938 /* TypingTextView.swift */ = {isa = PBXFileReference; lastKnownFileType = sourcecode.swift; path = TypingTextView.swift; sourceTree = "<group>"; };
		1EA941F92A3847B50034E938 /* AnyViewModifier.swift */ = {isa = PBXFileReference; lastKnownFileType = sourcecode.swift; path = AnyViewModifier.swift; sourceTree = "<group>"; };
		1EA941FD2A3847F20034E938 /* EmptyModifier.swift */ = {isa = PBXFileReference; lastKnownFileType = sourcecode.swift; path = EmptyModifier.swift; sourceTree = "<group>"; };
		1EA941FF2A3848620034E938 /* MediumTypingTextStyle.swift */ = {isa = PBXFileReference; lastKnownFileType = sourcecode.swift; path = MediumTypingTextStyle.swift; sourceTree = "<group>"; };
		1EA942012A3848870034E938 /* TypingTextStyle.swift */ = {isa = PBXFileReference; lastKnownFileType = sourcecode.swift; path = TypingTextStyle.swift; sourceTree = "<group>"; };
		1EA942032A3848C20034E938 /* Constants.swift */ = {isa = PBXFileReference; lastKnownFileType = sourcecode.swift; path = Constants.swift; sourceTree = "<group>"; };
		1EA942052A3851E20034E938 /* StaticTextExampleView.swift */ = {isa = PBXFileReference; lastKnownFileType = sourcecode.swift; path = StaticTextExampleView.swift; sourceTree = "<group>"; };
		1EA942072A385BDF0034E938 /* TypingTextSettings.swift */ = {isa = PBXFileReference; lastKnownFileType = sourcecode.swift; path = TypingTextSettings.swift; sourceTree = "<group>"; };
		1EA942092A3AE8360034E938 /* OnboardingExampleView.swift */ = {isa = PBXFileReference; lastKnownFileType = sourcecode.swift; path = OnboardingExampleView.swift; sourceTree = "<group>"; };
/* End PBXFileReference section */

/* Begin PBXFrameworksBuildPhase section */
		1EA941E02A3845030034E938 /* Frameworks */ = {
			isa = PBXFrameworksBuildPhase;
			buildActionMask = 2147483647;
			files = (
			);
			runOnlyForDeploymentPostprocessing = 0;
		};
/* End PBXFrameworksBuildPhase section */

/* Begin PBXGroup section */
		1EA941DA2A3845030034E938 = {
			isa = PBXGroup;
			children = (
				1EA941E52A3845030034E938 /* TypingAnimationSwiftUI */,
				1EA941E42A3845030034E938 /* Products */,
			);
			sourceTree = "<group>";
		};
		1EA941E42A3845030034E938 /* Products */ = {
			isa = PBXGroup;
			children = (
				1EA941E32A3845030034E938 /* TypingAnimationSwiftUI.app */,
			);
			name = Products;
			sourceTree = "<group>";
		};
		1EA941E52A3845030034E938 /* TypingAnimationSwiftUI */ = {
			isa = PBXGroup;
			children = (
				1EA941E62A3845030034E938 /* TypingAnimationSwiftUIApp.swift */,
				1EA942052A3851E20034E938 /* StaticTextExampleView.swift */,
				1EA941E82A3845030034E938 /* LoopingTextExampleView.swift */,
				1EA942092A3AE8360034E938 /* OnboardingExampleView.swift */,
				1EA941F82A3847A60034E938 /* TypingTextUI */,
				1EA941EA2A3845030034E938 /* Assets.xcassets */,
				1EA941EC2A3845030034E938 /* TypingAnimationSwiftUI.entitlements */,
				1EA941ED2A3845030034E938 /* Preview Content */,
			);
			path = TypingAnimationSwiftUI;
			sourceTree = "<group>";
		};
		1EA941ED2A3845030034E938 /* Preview Content */ = {
			isa = PBXGroup;
			children = (
				1EA941EE2A3845030034E938 /* Preview Assets.xcassets */,
			);
			path = "Preview Content";
			sourceTree = "<group>";
		};
		1EA941F82A3847A60034E938 /* TypingTextUI */ = {
			isa = PBXGroup;
			children = (
				1EA941F52A3845340034E938 /* TypingTextView.swift */,
				1EA942012A3848870034E938 /* TypingTextStyle.swift */,
				1EA942072A385BDF0034E938 /* TypingTextSettings.swift */,
				1EA941F92A3847B50034E938 /* AnyViewModifier.swift */,
				1EA941FD2A3847F20034E938 /* EmptyModifier.swift */,
				1EA941FF2A3848620034E938 /* MediumTypingTextStyle.swift */,
				1EA942032A3848C20034E938 /* Constants.swift */,
			);
			path = TypingTextUI;
			sourceTree = "<group>";
		};
/* End PBXGroup section */

/* Begin PBXNativeTarget section */
		1EA941E22A3845030034E938 /* TypingAnimationSwiftUI */ = {
			isa = PBXNativeTarget;
			buildConfigurationList = 1EA941F22A3845030034E938 /* Build configuration list for PBXNativeTarget "TypingAnimationSwiftUI" */;
			buildPhases = (
				1EA941DF2A3845030034E938 /* Sources */,
				1EA941E02A3845030034E938 /* Frameworks */,
				1EA941E12A3845030034E938 /* Resources */,
			);
			buildRules = (
			);
			dependencies = (
			);
			name = TypingAnimationSwiftUI;
			productName = TypingAnimationSwiftUI;
			productReference = 1EA941E32A3845030034E938 /* TypingAnimationSwiftUI.app */;
			productType = "com.apple.product-type.application";
		};
/* End PBXNativeTarget section */

/* Begin PBXProject section */
		1EA941DB2A3845030034E938 /* Project object */ = {
			isa = PBXProject;
			attributes = {
				BuildIndependentTargetsInParallel = 1;
				LastSwiftUpdateCheck = 1430;
				LastUpgradeCheck = 1430;
				TargetAttributes = {
					1EA941E22A3845030034E938 = {
						CreatedOnToolsVersion = 14.3;
					};
				};
			};
			buildConfigurationList = 1EA941DE2A3845030034E938 /* Build configuration list for PBXProject "TypingAnimationSwiftUI" */;
			compatibilityVersion = "Xcode 14.0";
			developmentRegion = en;
			hasScannedForEncodings = 0;
			knownRegions = (
				en,
				Base,
			);
			mainGroup = 1EA941DA2A3845030034E938;
			productRefGroup = 1EA941E42A3845030034E938 /* Products */;
			projectDirPath = "";
			projectRoot = "";
			targets = (
				1EA941E22A3845030034E938 /* TypingAnimationSwiftUI */,
			);
		};
/* End PBXProject section */

/* Begin PBXResourcesBuildPhase section */
		1EA941E12A3845030034E938 /* Resources */ = {
			isa = PBXResourcesBuildPhase;
			buildActionMask = 2147483647;
			files = (
				1EA941EF2A3845030034E938 /* Preview Assets.xcassets in Resources */,
				1EA941EB2A3845030034E938 /* Assets.xcassets in Resources */,
			);
			runOnlyForDeploymentPostprocessing = 0;
		};
/* End PBXResourcesBuildPhase section */

/* Begin PBXSourcesBuildPhase section */
		1EA941DF2A3845030034E938 /* Sources */ = {
			isa = PBXSourcesBuildPhase;
			buildActionMask = 2147483647;
			files = (
				1EA941E92A3845030034E938 /* LoopingTextExampleView.swift in Sources */,
				1EA942002A3848620034E938 /* MediumTypingTextStyle.swift in Sources */,
				1EA9420A2A3AE8360034E938 /* OnboardingExampleView.swift in Sources */,
				1EA941F62A3845340034E938 /* TypingTextView.swift in Sources */,
				1EA942022A3848870034E938 /* TypingTextStyle.swift in Sources */,
				1EA941FE2A3847F20034E938 /* EmptyModifier.swift in Sources */,
				1EA941FA2A3847B50034E938 /* AnyViewModifier.swift in Sources */,
				1EA942082A385BDF0034E938 /* TypingTextSettings.swift in Sources */,
				1EA941E72A3845030034E938 /* TypingAnimationSwiftUIApp.swift in Sources */,
				1EA942042A3848C20034E938 /* Constants.swift in Sources */,
				1EA942062A3851E20034E938 /* StaticTextExampleView.swift in Sources */,
			);
			runOnlyForDeploymentPostprocessing = 0;
		};
/* End PBXSourcesBuildPhase section */

/* Begin XCBuildConfiguration section */
		1EA941F02A3845030034E938 /* Debug */ = {
			isa = XCBuildConfiguration;
			buildSettings = {
				ALWAYS_SEARCH_USER_PATHS = NO;
				CLANG_ANALYZER_NONNULL = YES;
				CLANG_ANALYZER_NUMBER_OBJECT_CONVERSION = YES_AGGRESSIVE;
				CLANG_CXX_LANGUAGE_STANDARD = "gnu++20";
				CLANG_ENABLE_MODULES = YES;
				CLANG_ENABLE_OBJC_ARC = YES;
				CLANG_ENABLE_OBJC_WEAK = YES;
				CLANG_WARN_BLOCK_CAPTURE_AUTORELEASING = YES;
				CLANG_WARN_BOOL_CONVERSION = YES;
				CLANG_WARN_COMMA = YES;
				CLANG_WARN_CONSTANT_CONVERSION = YES;
				CLANG_WARN_DEPRECATED_OBJC_IMPLEMENTATIONS = YES;
				CLANG_WARN_DIRECT_OBJC_ISA_USAGE = YES_ERROR;
				CLANG_WARN_DOCUMENTATION_COMMENTS = YES;
				CLANG_WARN_EMPTY_BODY = YES;
				CLANG_WARN_ENUM_CONVERSION = YES;
				CLANG_WARN_INFINITE_RECURSION = YES;
				CLANG_WARN_INT_CONVERSION = YES;
				CLANG_WARN_NON_LITERAL_NULL_CONVERSION = YES;
				CLANG_WARN_OBJC_IMPLICIT_RETAIN_SELF = YES;
				CLANG_WARN_OBJC_LITERAL_CONVERSION = YES;
				CLANG_WARN_OBJC_ROOT_CLASS = YES_ERROR;
				CLANG_WARN_QUOTED_INCLUDE_IN_FRAMEWORK_HEADER = YES;
				CLANG_WARN_RANGE_LOOP_ANALYSIS = YES;
				CLANG_WARN_STRICT_PROTOTYPES = YES;
				CLANG_WARN_SUSPICIOUS_MOVE = YES;
				CLANG_WARN_UNGUARDED_AVAILABILITY = YES_AGGRESSIVE;
				CLANG_WARN_UNREACHABLE_CODE = YES;
				CLANG_WARN__DUPLICATE_METHOD_MATCH = YES;
				COPY_PHASE_STRIP = NO;
				DEBUG_INFORMATION_FORMAT = dwarf;
				ENABLE_STRICT_OBJC_MSGSEND = YES;
				ENABLE_TESTABILITY = YES;
				GCC_C_LANGUAGE_STANDARD = gnu11;
				GCC_DYNAMIC_NO_PIC = NO;
				GCC_NO_COMMON_BLOCKS = YES;
				GCC_OPTIMIZATION_LEVEL = 0;
				GCC_PREPROCESSOR_DEFINITIONS = (
					"DEBUG=1",
					"$(inherited)",
				);
				GCC_WARN_64_TO_32_BIT_CONVERSION = YES;
				GCC_WARN_ABOUT_RETURN_TYPE = YES_ERROR;
				GCC_WARN_UNDECLARED_SELECTOR = YES;
				GCC_WARN_UNINITIALIZED_AUTOS = YES_AGGRESSIVE;
				GCC_WARN_UNUSED_FUNCTION = YES;
				GCC_WARN_UNUSED_VARIABLE = YES;
				MTL_ENABLE_DEBUG_INFO = INCLUDE_SOURCE;
				MTL_FAST_MATH = YES;
				ONLY_ACTIVE_ARCH = YES;
				SWIFT_ACTIVE_COMPILATION_CONDITIONS = DEBUG;
				SWIFT_OPTIMIZATION_LEVEL = "-Onone";
			};
			name = Debug;
		};
		1EA941F12A3845030034E938 /* Release */ = {
			isa = XCBuildConfiguration;
			buildSettings = {
				ALWAYS_SEARCH_USER_PATHS = NO;
				CLANG_ANALYZER_NONNULL = YES;
				CLANG_ANALYZER_NUMBER_OBJECT_CONVERSION = YES_AGGRESSIVE;
				CLANG_CXX_LANGUAGE_STANDARD = "gnu++20";
				CLANG_ENABLE_MODULES = YES;
				CLANG_ENABLE_OBJC_ARC = YES;
				CLANG_ENABLE_OBJC_WEAK = YES;
				CLANG_WARN_BLOCK_CAPTURE_AUTORELEASING = YES;
				CLANG_WARN_BOOL_CONVERSION = YES;
				CLANG_WARN_COMMA = YES;
				CLANG_WARN_CONSTANT_CONVERSION = YES;
				CLANG_WARN_DEPRECATED_OBJC_IMPLEMENTATIONS = YES;
				CLANG_WARN_DIRECT_OBJC_ISA_USAGE = YES_ERROR;
				CLANG_WARN_DOCUMENTATION_COMMENTS = YES;
				CLANG_WARN_EMPTY_BODY = YES;
				CLANG_WARN_ENUM_CONVERSION = YES;
				CLANG_WARN_INFINITE_RECURSION = YES;
				CLANG_WARN_INT_CONVERSION = YES;
				CLANG_WARN_NON_LITERAL_NULL_CONVERSION = YES;
				CLANG_WARN_OBJC_IMPLICIT_RETAIN_SELF = YES;
				CLANG_WARN_OBJC_LITERAL_CONVERSION = YES;
				CLANG_WARN_OBJC_ROOT_CLASS = YES_ERROR;
				CLANG_WARN_QUOTED_INCLUDE_IN_FRAMEWORK_HEADER = YES;
				CLANG_WARN_RANGE_LOOP_ANALYSIS = YES;
				CLANG_WARN_STRICT_PROTOTYPES = YES;
				CLANG_WARN_SUSPICIOUS_MOVE = YES;
				CLANG_WARN_UNGUARDED_AVAILABILITY = YES_AGGRESSIVE;
				CLANG_WARN_UNREACHABLE_CODE = YES;
				CLANG_WARN__DUPLICATE_METHOD_MATCH = YES;
				COPY_PHASE_STRIP = NO;
				DEBUG_INFORMATION_FORMAT = "dwarf-with-dsym";
				ENABLE_NS_ASSERTIONS = NO;
				ENABLE_STRICT_OBJC_MSGSEND = YES;
				GCC_C_LANGUAGE_STANDARD = gnu11;
				GCC_NO_COMMON_BLOCKS = YES;
				GCC_WARN_64_TO_32_BIT_CONVERSION = YES;
				GCC_WARN_ABOUT_RETURN_TYPE = YES_ERROR;
				GCC_WARN_UNDECLARED_SELECTOR = YES;
				GCC_WARN_UNINITIALIZED_AUTOS = YES_AGGRESSIVE;
				GCC_WARN_UNUSED_FUNCTION = YES;
				GCC_WARN_UNUSED_VARIABLE = YES;
				MTL_ENABLE_DEBUG_INFO = NO;
				MTL_FAST_MATH = YES;
				SWIFT_COMPILATION_MODE = wholemodule;
				SWIFT_OPTIMIZATION_LEVEL = "-O";
			};
			name = Release;
		};
		1EA941F32A3845030034E938 /* Debug */ = {
			isa = XCBuildConfiguration;
			buildSettings = {
				ASSETCATALOG_COMPILER_APPICON_NAME = AppIcon;
				ASSETCATALOG_COMPILER_GLOBAL_ACCENT_COLOR_NAME = AccentColor;
				CODE_SIGN_ENTITLEMENTS = TypingAnimationSwiftUI/TypingAnimationSwiftUI.entitlements;
				CODE_SIGN_STYLE = Automatic;
				CURRENT_PROJECT_VERSION = 1;
				DEVELOPMENT_ASSET_PATHS = "\"TypingAnimationSwiftUI/Preview Content\"";
				DEVELOPMENT_TEAM = 93MY63J6YG;
				ENABLE_HARDENED_RUNTIME = YES;
				ENABLE_PREVIEWS = YES;
				GENERATE_INFOPLIST_FILE = YES;
				"INFOPLIST_KEY_UIApplicationSceneManifest_Generation[sdk=iphoneos*]" = YES;
				"INFOPLIST_KEY_UIApplicationSceneManifest_Generation[sdk=iphonesimulator*]" = YES;
				"INFOPLIST_KEY_UIApplicationSupportsIndirectInputEvents[sdk=iphoneos*]" = YES;
				"INFOPLIST_KEY_UIApplicationSupportsIndirectInputEvents[sdk=iphonesimulator*]" = YES;
				"INFOPLIST_KEY_UILaunchScreen_Generation[sdk=iphoneos*]" = YES;
				"INFOPLIST_KEY_UILaunchScreen_Generation[sdk=iphonesimulator*]" = YES;
				"INFOPLIST_KEY_UIStatusBarStyle[sdk=iphoneos*]" = UIStatusBarStyleDefault;
				"INFOPLIST_KEY_UIStatusBarStyle[sdk=iphonesimulator*]" = UIStatusBarStyleDefault;
				INFOPLIST_KEY_UISupportedInterfaceOrientations_iPad = "UIInterfaceOrientationPortrait UIInterfaceOrientationPortraitUpsideDown UIInterfaceOrientationLandscapeLeft UIInterfaceOrientationLandscapeRight";
				INFOPLIST_KEY_UISupportedInterfaceOrientations_iPhone = "UIInterfaceOrientationPortrait UIInterfaceOrientationLandscapeLeft UIInterfaceOrientationLandscapeRight";
				IPHONEOS_DEPLOYMENT_TARGET = 16.0;
				LD_RUNPATH_SEARCH_PATHS = "@executable_path/Frameworks";
				"LD_RUNPATH_SEARCH_PATHS[sdk=macosx*]" = "@executable_path/../Frameworks";
				MACOSX_DEPLOYMENT_TARGET = 13.2;
				MARKETING_VERSION = 1.0;
				PRODUCT_BUNDLE_IDENTIFIER = co.songpark.TypingAnimationSwiftUI;
				PRODUCT_NAME = "$(TARGET_NAME)";
				SDKROOT = auto;
				SUPPORTED_PLATFORMS = "iphoneos iphonesimulator";
				SUPPORTS_MACCATALYST = NO;
				SUPPORTS_MAC_DESIGNED_FOR_IPHONE_IPAD = NO;
				SWIFT_EMIT_LOC_STRINGS = YES;
				SWIFT_VERSION = 5.0;
				TARGETED_DEVICE_FAMILY = "1,2";
			};
			name = Debug;
		};
		1EA941F42A3845030034E938 /* Release */ = {
			isa = XCBuildConfiguration;
			buildSettings = {
				ASSETCATALOG_COMPILER_APPICON_NAME = AppIcon;
				ASSETCATALOG_COMPILER_GLOBAL_ACCENT_COLOR_NAME = AccentColor;
				CODE_SIGN_ENTITLEMENTS = TypingAnimationSwiftUI/TypingAnimationSwiftUI.entitlements;
				CODE_SIGN_STYLE = Automatic;
				CURRENT_PROJECT_VERSION = 1;
				DEVELOPMENT_ASSET_PATHS = "\"TypingAnimationSwiftUI/Preview Content\"";
				DEVELOPMENT_TEAM = 93MY63J6YG;
				ENABLE_HARDENED_RUNTIME = YES;
				ENABLE_PREVIEWS = YES;
				GENERATE_INFOPLIST_FILE = YES;
				"INFOPLIST_KEY_UIApplicationSceneManifest_Generation[sdk=iphoneos*]" = YES;
				"INFOPLIST_KEY_UIApplicationSceneManifest_Generation[sdk=iphonesimulator*]" = YES;
				"INFOPLIST_KEY_UIApplicationSupportsIndirectInputEvents[sdk=iphoneos*]" = YES;
				"INFOPLIST_KEY_UIApplicationSupportsIndirectInputEvents[sdk=iphonesimulator*]" = YES;
				"INFOPLIST_KEY_UILaunchScreen_Generation[sdk=iphoneos*]" = YES;
				"INFOPLIST_KEY_UILaunchScreen_Generation[sdk=iphonesimulator*]" = YES;
				"INFOPLIST_KEY_UIStatusBarStyle[sdk=iphoneos*]" = UIStatusBarStyleDefault;
				"INFOPLIST_KEY_UIStatusBarStyle[sdk=iphonesimulator*]" = UIStatusBarStyleDefault;
				INFOPLIST_KEY_UISupportedInterfaceOrientations_iPad = "UIInterfaceOrientationPortrait UIInterfaceOrientationPortraitUpsideDown UIInterfaceOrientationLandscapeLeft UIInterfaceOrientationLandscapeRight";
				INFOPLIST_KEY_UISupportedInterfaceOrientations_iPhone = "UIInterfaceOrientationPortrait UIInterfaceOrientationLandscapeLeft UIInterfaceOrientationLandscapeRight";
				IPHONEOS_DEPLOYMENT_TARGET = 16.0;
				LD_RUNPATH_SEARCH_PATHS = "@executable_path/Frameworks";
				"LD_RUNPATH_SEARCH_PATHS[sdk=macosx*]" = "@executable_path/../Frameworks";
				MACOSX_DEPLOYMENT_TARGET = 13.2;
				MARKETING_VERSION = 1.0;
				PRODUCT_BUNDLE_IDENTIFIER = co.songpark.TypingAnimationSwiftUI;
				PRODUCT_NAME = "$(TARGET_NAME)";
				SDKROOT = auto;
				SUPPORTED_PLATFORMS = "iphoneos iphonesimulator";
				SUPPORTS_MACCATALYST = NO;
				SUPPORTS_MAC_DESIGNED_FOR_IPHONE_IPAD = NO;
				SWIFT_EMIT_LOC_STRINGS = YES;
				SWIFT_VERSION = 5.0;
				TARGETED_DEVICE_FAMILY = "1,2";
			};
			name = Release;
		};
/* End XCBuildConfiguration section */

/* Begin XCConfigurationList section */
		1EA941DE2A3845030034E938 /* Build configuration list for PBXProject "TypingAnimationSwiftUI" */ = {
			isa = XCConfigurationList;
			buildConfigurations = (
				1EA941F02A3845030034E938 /* Debug */,
				1EA941F12A3845030034E938 /* Release */,
			);
			defaultConfigurationIsVisible = 0;
			defaultConfigurationName = Release;
		};
		1EA941F22A3845030034E938 /* Build configuration list for PBXNativeTarget "TypingAnimationSwiftUI" */ = {
			isa = XCConfigurationList;
			buildConfigurations = (
				1EA941F32A3845030034E938 /* Debug */,
				1EA941F42A3845030034E938 /* Release */,
			);
			defaultConfigurationIsVisible = 0;
			defaultConfigurationName = Release;
		};
/* End XCConfigurationList section */
	};
	rootObject = 1EA941DB2A3845030034E938 /* Project object */;
}
